
Microsoft Visual Studio Solution File, Format Version 12.00
# Visual Studio Version 17
VisualStudioVersion = 17.11.35303.130
MinimumVisualStudioVersion = 10.0.40219.1
Project("{2150E333-8FDC-42A3-9474-1A3956D46DE8}") = "Task0", "Task0", "{7A7D0350-B5EE-4F14-A645-58E5FA25CAFA}"
EndProject
Project("{9A19103F-16F7-4668-BE54-9A1E7A4F7556}") = "Tyuiu.LavrinovichED.Sprint1.Task0.V8", "Tyuiu.LavrinovichED.Sprint1.Task0.V8\Tyuiu.LavrinovichED.Sprint1.Task0.V8.csproj", "{3DE4F191-DC84-48C5-822F-7A30FBA37480}"
	ProjectSection(ProjectDependencies) = postProject
		{02AF63F9-8B6F-4926-91CE-C3AC8BB7A9C0} = {02AF63F9-8B6F-4926-91CE-C3AC8BB7A9C0}
		{04CE0C72-3A6A-49C1-8AC1-AB8A4A42A9D1} = {04CE0C72-3A6A-49C1-8AC1-AB8A4A42A9D1}
		{26CE6F9F-4416-473C-8941-E9F31C847007} = {26CE6F9F-4416-473C-8941-E9F31C847007}
		{6D5EE74E-C457-4788-8822-8525CB8BB843} = {6D5EE74E-C457-4788-8822-8525CB8BB843}
		{8F97AD1D-8E9A-42C4-B8F1-1EDF70400306} = {8F97AD1D-8E9A-42C4-B8F1-1EDF70400306}
		{DD18DFA7-212E-4461-9408-6A60EE500503} = {DD18DFA7-212E-4461-9408-6A60EE500503}
		{F69DF170-D3C0-4DE4-8D4C-BF366E482082} = {F69DF170-D3C0-4DE4-8D4C-BF366E482082}
	EndProjectSection
EndProject
Project("{9A19103F-16F7-4668-BE54-9A1E7A4F7556}") = "Tyuiu.LavrinovichED.Sprint1.Task0.V8.Lib", "Tyuiu.LavrinovichED.Sprint1.Task0.V8.Lib\Tyuiu.LavrinovichED.Sprint1.Task0.V8.Lib.csproj", "{8DE7DC2B-DD97-4586-B05C-A7E36EE9A123}"
EndProject
Project("{9A19103F-16F7-4668-BE54-9A1E7A4F7556}") = "Tyuiu.LavrinovichED.Sprint1.Task0.V8.Test", "Tyuiu.LavrinovichED.Sprint1.Task0.V8.Test\Tyuiu.LavrinovichED.Sprint1.Task0.V8.Test.csproj", "{6D5EE74E-C457-4788-8822-8525CB8BB843}"
EndProject
Project("{2150E333-8FDC-42A3-9474-1A3956D46DE8}") = "Task1", "Task1", "{201D3AD7-293E-46BA-92BB-CCDE2E0C2B14}"
EndProject
Project("{9A19103F-16F7-4668-BE54-9A1E7A4F7556}") = "Tyuiu.LavrinovichED.Sprint1.Task1.V1", "Tyuiu.LavrinovichED.Sprint1.Task1.V1\Tyuiu.LavrinovichED.Sprint1.Task1.V1.csproj", "{04CE0C72-3A6A-49C1-8AC1-AB8A4A42A9D1}"
EndProject
Project("{9A19103F-16F7-4668-BE54-9A1E7A4F7556}") = "Tyuiu.LavrinovichED.Sprint1.Task1.V1.Lib", "Tyuiu.LavrinovichED.Sprint1.Task1.V1.Lib\Tyuiu.LavrinovichED.Sprint1.Task1.V1.Lib.csproj", "{02AF63F9-8B6F-4926-91CE-C3AC8BB7A9C0}"
EndProject
Project("{9A19103F-16F7-4668-BE54-9A1E7A4F7556}") = "Tyuiu.LavrinovichED.Sprint1.Task1.V1.Test", "Tyuiu.LavrinovichED.Sprint1.Task1.V1.Test\Tyuiu.LavrinovichED.Sprint1.Task1.V1.Test.csproj", "{8F97AD1D-8E9A-42C4-B8F1-1EDF70400306}"
EndProject
Project("{2150E333-8FDC-42A3-9474-1A3956D46DE8}") = "Task2", "Task2", "{57A04647-5F09-4993-91C2-0297328A1094}"
EndProject
Project("{9A19103F-16F7-4668-BE54-9A1E7A4F7556}") = "Tyuiu.LavrinovichED.Sprint1.Task2.V8", "Tyuiu.LavrinovichED.Sprint1.Task2.V8\Tyuiu.LavrinovichED.Sprint1.Task2.V8.csproj", "{F69DF170-D3C0-4DE4-8D4C-BF366E482082}"
EndProject
Project("{9A19103F-16F7-4668-BE54-9A1E7A4F7556}") = "Tyuiu.LavrinovichED.Sprint1.Task2.V8.Lib", "Tyuiu.LavrinovichED.Sprint1.Task2.V8.Lib\Tyuiu.LavrinovichED.Sprint1.Task2.V8.Lib.csproj", "{26CE6F9F-4416-473C-8941-E9F31C847007}"
EndProject
Project("{9A19103F-16F7-4668-BE54-9A1E7A4F7556}") = "Tyuiu.LavrinovichED.Sprint1.Task2.V8.Test", "Tyuiu.LavrinovichED.Sprint1.Task2.V8.Test\Tyuiu.LavrinovichED.Sprint1.Task2.V8.Test.csproj", "{DD18DFA7-212E-4461-9408-6A60EE500503}"
EndProject
Project("{2150E333-8FDC-42A3-9474-1A3956D46DE8}") = "Task3", "Task3", "{BC99A00F-1A51-4192-9644-BE3AC519DAD8}"
EndProject
Project("{9A19103F-16F7-4668-BE54-9A1E7A4F7556}") = "Tyuiu.LavrinovichED.Sprint1.Task3.V7", "Tyuiu.LavrinovichED.Sprint1.Task3.V7\Tyuiu.LavrinovichED.Sprint1.Task3.V7.csproj", "{FDE38BB3-F66D-4037-950F-DA9730C91BCE}"
EndProject
Project("{9A19103F-16F7-4668-BE54-9A1E7A4F7556}") = "Tyuiu.LavrinovichED.Sprint1.Task3.V7.Lib", "Tyuiu.LavrinovichED.Sprint1.Task3.V7.Lib\Tyuiu.LavrinovichED.Sprint1.Task3.V7.Lib.csproj", "{5C85D273-C557-409C-92DC-FE94E23A5E7C}"
EndProject
Project("{9A19103F-16F7-4668-BE54-9A1E7A4F7556}") = "Tyuiu.LavrinovichED.Sprint1.Task3.V7.Test", "Tyuiu.LavrinovichED.Sprint1.Task3.V7.Test\Tyuiu.LavrinovichED.Sprint1.Task3.V7.Test.csproj", "{6C408EAC-C997-486F-829E-5D36F3A4DD0B}"
EndProject
Project("{2150E333-8FDC-42A3-9474-1A3956D46DE8}") = "Task4", "Task4", "{54EBDA8C-341E-495B-B12A-7FE72BCCC458}"
EndProject
Project("{9A19103F-16F7-4668-BE54-9A1E7A4F7556}") = "Tyuiu.LavrinovichED.Sprint1.Task4.V18", "Tyuiu.LavrinovichED.Sprint1.Task4.V18\Tyuiu.LavrinovichED.Sprint1.Task4.V18.csproj", "{9F72CBFA-90B0-4FF6-82E1-349FAA3F8E97}"
EndProject
Project("{9A19103F-16F7-4668-BE54-9A1E7A4F7556}") = "Tyuiu.LavrinovichED.Sprint1.Task4.V18.Lib", "Tyuiu.LavrinovichED.Sprint1.Task4.V18.Lib\Tyuiu.LavrinovichED.Sprint1.Task4.V18.Lib.csproj", "{1C280298-58A3-48BA-9567-3AC0E07284E9}"
EndProject
Project("{9A19103F-16F7-4668-BE54-9A1E7A4F7556}") = "Tyuiu.LavrinovichED.Sprint1.Task4.V18.Test", "Tyuiu.LavrinovichED.Sprint1.Task4.V18.Test\Tyuiu.LavrinovichED.Sprint1.Task4.V18.Test.csproj", "{A788B410-D922-4CFE-8690-343BD5DFB8DE}"
EndProject
Project("{2150E333-8FDC-42A3-9474-1A3956D46DE8}") = "Task5", "Task5", "{CA539498-0D29-4EC6-B510-6E95752378A6}"
EndProject
Project("{9A19103F-16F7-4668-BE54-9A1E7A4F7556}") = "Tyuiu.LavrinovichED.Sprint1.Task5.V4", "Tyuiu.LavrinovichED.Sprint1.Task5.V4\Tyuiu.LavrinovichED.Sprint1.Task5.V4.csproj", "{ADFBCDA4-B981-4C8B-9F6E-C88F7A5C260A}"
EndProject
Project("{9A19103F-16F7-4668-BE54-9A1E7A4F7556}") = "Tyuiu.LavrinovichED.Sprint1.Task5.V4.Lib", "Tyuiu.LavrinovichED.Sprint1.Task5.V4.Lib\Tyuiu.LavrinovichED.Sprint1.Task5.V4.Lib.csproj", "{C411A010-2039-4E5E-AC0E-B018ECA1B9DA}"
EndProject
Project("{9A19103F-16F7-4668-BE54-9A1E7A4F7556}") = "Tyuiu.LavrinovichED.Sprint1.Task5.V4.Test", "Tyuiu.LavrinovichED.Sprint1.Task5.V4.Test\Tyuiu.LavrinovichED.Sprint1.Task5.V4.Test.csproj", "{6661684C-FF54-49A4-9682-9014A8CD10FD}"
EndProject
Project("{2150E333-8FDC-42A3-9474-1A3956D46DE8}") = "Task6", "Task6", "{7EA7A978-D6E0-464E-8BA5-62184D81AC06}"
EndProject
Project("{FAE04EC0-301F-11D3-BF4B-00C04F79EFBC}") = "Tyuiu.LavrinovichED.Sprint1.Task6.V10", "Tyuiu.LavrinovichED.Sprint1.Task6.V10\Tyuiu.LavrinovichED.Sprint1.Task6.V10.csproj", "{40F2B901-F20F-4ADE-AF87-462EE1F74B45}"
EndProject
Project("{FAE04EC0-301F-11D3-BF4B-00C04F79EFBC}") = "Tyuiu.LavrinovichED.Sprint1.Task6.V10.Lib", "Tyuiu.LavrinovichED.Sprint1.Task6.V10.Lib\Tyuiu.LavrinovichED.Sprint1.Task6.V10.Lib.csproj", "{BFB45FE7-23CF-4AB9-9D56-24E4E013F245}"
EndProject
Project("{FAE04EC0-301F-11D3-BF4B-00C04F79EFBC}") = "Tyuiu.LavrinovichED.Sprint1.Task6.V10.Test", "Tyuiu.LavrinovichED.Sprint1.Task6.V10.Test\Tyuiu.LavrinovichED.Sprint1.Task6.V10.Test.csproj", "{F18EF404-96D5-4A0F-B6FC-7679158BBB24}"
EndProject
Global
	GlobalSection(SolutionConfigurationPlatforms) = preSolution
		Debug|Any CPU = Debug|Any CPU
		Release|Any CPU = Release|Any CPU
	EndGlobalSection
	GlobalSection(ProjectConfigurationPlatforms) = postSolution
		{3DE4F191-DC84-48C5-822F-7A30FBA37480}.Debug|Any CPU.ActiveCfg = Debug|Any CPU
		{3DE4F191-DC84-48C5-822F-7A30FBA37480}.Debug|Any CPU.Build.0 = Debug|Any CPU
		{3DE4F191-DC84-48C5-822F-7A30FBA37480}.Release|Any CPU.ActiveCfg = Release|Any CPU
		{3DE4F191-DC84-48C5-822F-7A30FBA37480}.Release|Any CPU.Build.0 = Release|Any CPU
		{8DE7DC2B-DD97-4586-B05C-A7E36EE9A123}.Debug|Any CPU.ActiveCfg = Debug|Any CPU
		{8DE7DC2B-DD97-4586-B05C-A7E36EE9A123}.Debug|Any CPU.Build.0 = Debug|Any CPU
		{8DE7DC2B-DD97-4586-B05C-A7E36EE9A123}.Release|Any CPU.ActiveCfg = Release|Any CPU
		{8DE7DC2B-DD97-4586-B05C-A7E36EE9A123}.Release|Any CPU.Build.0 = Release|Any CPU
		{6D5EE74E-C457-4788-8822-8525CB8BB843}.Debug|Any CPU.ActiveCfg = Debug|Any CPU
		{6D5EE74E-C457-4788-8822-8525CB8BB843}.Debug|Any CPU.Build.0 = Debug|Any CPU
		{6D5EE74E-C457-4788-8822-8525CB8BB843}.Release|Any CPU.ActiveCfg = Release|Any CPU
		{6D5EE74E-C457-4788-8822-8525CB8BB843}.Release|Any CPU.Build.0 = Release|Any CPU
		{04CE0C72-3A6A-49C1-8AC1-AB8A4A42A9D1}.Debug|Any CPU.ActiveCfg = Debug|Any CPU
		{04CE0C72-3A6A-49C1-8AC1-AB8A4A42A9D1}.Debug|Any CPU.Build.0 = Debug|Any CPU
		{04CE0C72-3A6A-49C1-8AC1-AB8A4A42A9D1}.Release|Any CPU.ActiveCfg = Release|Any CPU
		{04CE0C72-3A6A-49C1-8AC1-AB8A4A42A9D1}.Release|Any CPU.Build.0 = Release|Any CPU
		{02AF63F9-8B6F-4926-91CE-C3AC8BB7A9C0}.Debug|Any CPU.ActiveCfg = Debug|Any CPU
		{02AF63F9-8B6F-4926-91CE-C3AC8BB7A9C0}.Debug|Any CPU.Build.0 = Debug|Any CPU
		{02AF63F9-8B6F-4926-91CE-C3AC8BB7A9C0}.Release|Any CPU.ActiveCfg = Release|Any CPU
		{02AF63F9-8B6F-4926-91CE-C3AC8BB7A9C0}.Release|Any CPU.Build.0 = Release|Any CPU
		{8F97AD1D-8E9A-42C4-B8F1-1EDF70400306}.Debug|Any CPU.ActiveCfg = Debug|Any CPU
		{8F97AD1D-8E9A-42C4-B8F1-1EDF70400306}.Debug|Any CPU.Build.0 = Debug|Any CPU
		{8F97AD1D-8E9A-42C4-B8F1-1EDF70400306}.Release|Any CPU.ActiveCfg = Release|Any CPU
		{8F97AD1D-8E9A-42C4-B8F1-1EDF70400306}.Release|Any CPU.Build.0 = Release|Any CPU
		{F69DF170-D3C0-4DE4-8D4C-BF366E482082}.Debug|Any CPU.ActiveCfg = Debug|Any CPU
		{F69DF170-D3C0-4DE4-8D4C-BF366E482082}.Debug|Any CPU.Build.0 = Debug|Any CPU
		{F69DF170-D3C0-4DE4-8D4C-BF366E482082}.Release|Any CPU.ActiveCfg = Release|Any CPU
		{F69DF170-D3C0-4DE4-8D4C-BF366E482082}.Release|Any CPU.Build.0 = Release|Any CPU
		{26CE6F9F-4416-473C-8941-E9F31C847007}.Debug|Any CPU.ActiveCfg = Debug|Any CPU
		{26CE6F9F-4416-473C-8941-E9F31C847007}.Debug|Any CPU.Build.0 = Debug|Any CPU
		{26CE6F9F-4416-473C-8941-E9F31C847007}.Release|Any CPU.ActiveCfg = Release|Any CPU
		{26CE6F9F-4416-473C-8941-E9F31C847007}.Release|Any CPU.Build.0 = Release|Any CPU
		{DD18DFA7-212E-4461-9408-6A60EE500503}.Debug|Any CPU.ActiveCfg = Debug|Any CPU
		{DD18DFA7-212E-4461-9408-6A60EE500503}.Debug|Any CPU.Build.0 = Debug|Any CPU
		{DD18DFA7-212E-4461-9408-6A60EE500503}.Release|Any CPU.ActiveCfg = Release|Any CPU
		{DD18DFA7-212E-4461-9408-6A60EE500503}.Release|Any CPU.Build.0 = Release|Any CPU
		{FDE38BB3-F66D-4037-950F-DA9730C91BCE}.Debug|Any CPU.ActiveCfg = Debug|Any CPU
		{FDE38BB3-F66D-4037-950F-DA9730C91BCE}.Debug|Any CPU.Build.0 = Debug|Any CPU
		{FDE38BB3-F66D-4037-950F-DA9730C91BCE}.Release|Any CPU.ActiveCfg = Release|Any CPU
		{FDE38BB3-F66D-4037-950F-DA9730C91BCE}.Release|Any CPU.Build.0 = Release|Any CPU
		{5C85D273-C557-409C-92DC-FE94E23A5E7C}.Debug|Any CPU.ActiveCfg = Debug|Any CPU
		{5C85D273-C557-409C-92DC-FE94E23A5E7C}.Debug|Any CPU.Build.0 = Debug|Any CPU
		{5C85D273-C557-409C-92DC-FE94E23A5E7C}.Release|Any CPU.ActiveCfg = Release|Any CPU
		{5C85D273-C557-409C-92DC-FE94E23A5E7C}.Release|Any CPU.Build.0 = Release|Any CPU
		{6C408EAC-C997-486F-829E-5D36F3A4DD0B}.Debug|Any CPU.ActiveCfg = Debug|Any CPU
		{6C408EAC-C997-486F-829E-5D36F3A4DD0B}.Debug|Any CPU.Build.0 = Debug|Any CPU
		{6C408EAC-C997-486F-829E-5D36F3A4DD0B}.Release|Any CPU.ActiveCfg = Release|Any CPU
		{6C408EAC-C997-486F-829E-5D36F3A4DD0B}.Release|Any CPU.Build.0 = Release|Any CPU
		{9F72CBFA-90B0-4FF6-82E1-349FAA3F8E97}.Debug|Any CPU.ActiveCfg = Debug|Any CPU
		{9F72CBFA-90B0-4FF6-82E1-349FAA3F8E97}.Debug|Any CPU.Build.0 = Debug|Any CPU
		{9F72CBFA-90B0-4FF6-82E1-349FAA3F8E97}.Release|Any CPU.ActiveCfg = Release|Any CPU
		{9F72CBFA-90B0-4FF6-82E1-349FAA3F8E97}.Release|Any CPU.Build.0 = Release|Any CPU
		{1C280298-58A3-48BA-9567-3AC0E07284E9}.Debug|Any CPU.ActiveCfg = Debug|Any CPU
		{1C280298-58A3-48BA-9567-3AC0E07284E9}.Debug|Any CPU.Build.0 = Debug|Any CPU
		{1C280298-58A3-48BA-9567-3AC0E07284E9}.Release|Any CPU.ActiveCfg = Release|Any CPU
		{1C280298-58A3-48BA-9567-3AC0E07284E9}.Release|Any CPU.Build.0 = Release|Any CPU
		{A788B410-D922-4CFE-8690-343BD5DFB8DE}.Debug|Any CPU.ActiveCfg = Debug|Any CPU
		{A788B410-D922-4CFE-8690-343BD5DFB8DE}.Debug|Any CPU.Build.0 = Debug|Any CPU
		{A788B410-D922-4CFE-8690-343BD5DFB8DE}.Release|Any CPU.ActiveCfg = Release|Any CPU
		{A788B410-D922-4CFE-8690-343BD5DFB8DE}.Release|Any CPU.Build.0 = Release|Any CPU
		{ADFBCDA4-B981-4C8B-9F6E-C88F7A5C260A}.Debug|Any CPU.ActiveCfg = Debug|Any CPU
		{ADFBCDA4-B981-4C8B-9F6E-C88F7A5C260A}.Debug|Any CPU.Build.0 = Debug|Any CPU
		{ADFBCDA4-B981-4C8B-9F6E-C88F7A5C260A}.Release|Any CPU.ActiveCfg = Release|Any CPU
		{ADFBCDA4-B981-4C8B-9F6E-C88F7A5C260A}.Release|Any CPU.Build.0 = Release|Any CPU
		{C411A010-2039-4E5E-AC0E-B018ECA1B9DA}.Debug|Any CPU.ActiveCfg = Debug|Any CPU
		{C411A010-2039-4E5E-AC0E-B018ECA1B9DA}.Debug|Any CPU.Build.0 = Debug|Any CPU
		{C411A010-2039-4E5E-AC0E-B018ECA1B9DA}.Release|Any CPU.ActiveCfg = Release|Any CPU
		{C411A010-2039-4E5E-AC0E-B018ECA1B9DA}.Release|Any CPU.Build.0 = Release|Any CPU
		{6661684C-FF54-49A4-9682-9014A8CD10FD}.Debug|Any CPU.ActiveCfg = Debug|Any CPU
		{6661684C-FF54-49A4-9682-9014A8CD10FD}.Debug|Any CPU.Build.0 = Debug|Any CPU
		{6661684C-FF54-49A4-9682-9014A8CD10FD}.Release|Any CPU.ActiveCfg = Release|Any CPU
		{6661684C-FF54-49A4-9682-9014A8CD10FD}.Release|Any CPU.Build.0 = Release|Any CPU
		{40F2B901-F20F-4ADE-AF87-462EE1F74B45}.Debug|Any CPU.ActiveCfg = Debug|Any CPU
		{40F2B901-F20F-4ADE-AF87-462EE1F74B45}.Debug|Any CPU.Build.0 = Debug|Any CPU
		{40F2B901-F20F-4ADE-AF87-462EE1F74B45}.Release|Any CPU.ActiveCfg = Release|Any CPU
		{40F2B901-F20F-4ADE-AF87-462EE1F74B45}.Release|Any CPU.Build.0 = Release|Any CPU
		{BFB45FE7-23CF-4AB9-9D56-24E4E013F245}.Debug|Any CPU.ActiveCfg = Debug|Any CPU
		{BFB45FE7-23CF-4AB9-9D56-24E4E013F245}.Debug|Any CPU.Build.0 = Debug|Any CPU
		{BFB45FE7-23CF-4AB9-9D56-24E4E013F245}.Release|Any CPU.ActiveCfg = Release|Any CPU
		{BFB45FE7-23CF-4AB9-9D56-24E4E013F245}.Release|Any CPU.Build.0 = Release|Any CPU
		{F18EF404-96D5-4A0F-B6FC-7679158BBB24}.Debug|Any CPU.ActiveCfg = Debug|Any CPU
		{F18EF404-96D5-4A0F-B6FC-7679158BBB24}.Debug|Any CPU.Build.0 = Debug|Any CPU
		{F18EF404-96D5-4A0F-B6FC-7679158BBB24}.Release|Any CPU.ActiveCfg = Release|Any CPU
		{F18EF404-96D5-4A0F-B6FC-7679158BBB24}.Release|Any CPU.Build.0 = Release|Any CPU
	EndGlobalSection
	GlobalSection(SolutionProperties) = preSolution
		HideSolutionNode = FALSE
	EndGlobalSection
	GlobalSection(NestedProjects) = preSolution
		{3DE4F191-DC84-48C5-822F-7A30FBA37480} = {7A7D0350-B5EE-4F14-A645-58E5FA25CAFA}
		{8DE7DC2B-DD97-4586-B05C-A7E36EE9A123} = {7A7D0350-B5EE-4F14-A645-58E5FA25CAFA}
		{6D5EE74E-C457-4788-8822-8525CB8BB843} = {7A7D0350-B5EE-4F14-A645-58E5FA25CAFA}
		{04CE0C72-3A6A-49C1-8AC1-AB8A4A42A9D1} = {201D3AD7-293E-46BA-92BB-CCDE2E0C2B14}
		{02AF63F9-8B6F-4926-91CE-C3AC8BB7A9C0} = {201D3AD7-293E-46BA-92BB-CCDE2E0C2B14}
		{8F97AD1D-8E9A-42C4-B8F1-1EDF70400306} = {201D3AD7-293E-46BA-92BB-CCDE2E0C2B14}
		{F69DF170-D3C0-4DE4-8D4C-BF366E482082} = {57A04647-5F09-4993-91C2-0297328A1094}
		{26CE6F9F-4416-473C-8941-E9F31C847007} = {57A04647-5F09-4993-91C2-0297328A1094}
		{DD18DFA7-212E-4461-9408-6A60EE500503} = {57A04647-5F09-4993-91C2-0297328A1094}
		{FDE38BB3-F66D-4037-950F-DA9730C91BCE} = {BC99A00F-1A51-4192-9644-BE3AC519DAD8}
		{5C85D273-C557-409C-92DC-FE94E23A5E7C} = {BC99A00F-1A51-4192-9644-BE3AC519DAD8}
		{6C408EAC-C997-486F-829E-5D36F3A4DD0B} = {BC99A00F-1A51-4192-9644-BE3AC519DAD8}
		{9F72CBFA-90B0-4FF6-82E1-349FAA3F8E97} = {54EBDA8C-341E-495B-B12A-7FE72BCCC458}
		{1C280298-58A3-48BA-9567-3AC0E07284E9} = {54EBDA8C-341E-495B-B12A-7FE72BCCC458}
		{A788B410-D922-4CFE-8690-343BD5DFB8DE} = {54EBDA8C-341E-495B-B12A-7FE72BCCC458}
		{ADFBCDA4-B981-4C8B-9F6E-C88F7A5C260A} = {CA539498-0D29-4EC6-B510-6E95752378A6}
		{C411A010-2039-4E5E-AC0E-B018ECA1B9DA} = {CA539498-0D29-4EC6-B510-6E95752378A6}
		{6661684C-FF54-49A4-9682-9014A8CD10FD} = {CA539498-0D29-4EC6-B510-6E95752378A6}
		{40F2B901-F20F-4ADE-AF87-462EE1F74B45} = {7EA7A978-D6E0-464E-8BA5-62184D81AC06}
		{BFB45FE7-23CF-4AB9-9D56-24E4E013F245} = {7EA7A978-D6E0-464E-8BA5-62184D81AC06}
		{F18EF404-96D5-4A0F-B6FC-7679158BBB24} = {7EA7A978-D6E0-464E-8BA5-62184D81AC06}
	EndGlobalSection
	GlobalSection(ExtensibilityGlobals) = postSolution
		SolutionGuid = {1F099DC0-F69F-4B9B-AE7C-8450A88C11F4}
	EndGlobalSection
EndGlobal
